# THIS IS AN AUTOGENERATED FILE. DO NOT EDIT THIS FILE DIRECTLY.
# yarn lockfile v1


react-hook-form@^7.24.2:
  version "7.24.2"
  resolved "https://registry.yarnpkg.com/react-hook-form/-/react-hook-form-7.24.2.tgz#c90735079886573ee3ada948ccf8bd45042298ac"
  integrity sha512-Ora2l2A4ts8xLxP9QOKEAObTMNZNdR7gt3UpWb9alFJx/AFAQcYAi/joLNo6PoC0AE/Vyq4pnCYb9jUufWoVNw==
